
Microsoft Visual Studio Solution File, Format Version 12.00
# Visual Studio 2013
VisualStudioVersion = 12.0.30723.0
MinimumVisualStudioVersion = 10.0.40219.1
Project("{CC5FD16D-436D-48AD-A40C-5A424C6E3E79}") = "SpotifyPlaces.CloudService", "SpotifyPlaces.CloudService\SpotifyPlaces.CloudService.ccproj", "{EC5ABB78-8D03-4BFE-8005-E2A6B201E099}"
EndProject
Project("{FAE04EC0-301F-11D3-BF4B-00C04F79EFBC}") = "SpotifyPlaces.Web", "SpotifyPlaces.Web\SpotifyPlaces.Web.csproj", "{999DBBDB-1E33-48A4-ABC4-9C7D3604BAD8}"
EndProject
Global
	GlobalSection(SolutionConfigurationPlatforms) = preSolution
		Debug|Any CPU = Debug|Any CPU
		Release|Any CPU = Release|Any CPU
	EndGlobalSection
	GlobalSection(ProjectConfigurationPlatforms) = postSolution
		{EC5ABB78-8D03-4BFE-8005-E2A6B201E099}.Debug|Any CPU.ActiveCfg = Debug|Any CPU
		{EC5ABB78-8D03-4BFE-8005-E2A6B201E099}.Debug|Any CPU.Build.0 = Debug|Any CPU
		{EC5ABB78-8D03-4BFE-8005-E2A6B201E099}.Release|Any CPU.ActiveCfg = Release|Any CPU
		{EC5ABB78-8D03-4BFE-8005-E2A6B201E099}.Release|Any CPU.Build.0 = Release|Any CPU
		{999DBBDB-1E33-48A4-ABC4-9C7D3604BAD8}.Debug|Any CPU.ActiveCfg = Debug|Any CPU
		{999DBBDB-1E33-48A4-ABC4-9C7D3604BAD8}.Debug|Any CPU.Build.0 = Debug|Any CPU
		{999DBBDB-1E33-48A4-ABC4-9C7D3604BAD8}.Release|Any CPU.ActiveCfg = Release|Any CPU
		{999DBBDB-1E33-48A4-ABC4-9C7D3604BAD8}.Release|Any CPU.Build.0 = Release|Any CPU
	EndGlobalSection
	GlobalSection(SolutionProperties) = preSolution
		HideSolutionNode = FALSE
	EndGlobalSection
EndGlobal
